
Microsoft Visual Studio Solution File, Format Version 12.00
# Visual Studio Version 16
VisualStudioVersion = 16.0.33920.266
MinimumVisualStudioVersion = 10.0.40219.1
Project("{9A19103F-16F7-4668-BE54-9A1E7A4F7556}") = "NicholasHalmagyiFilip.WebApplication", "NicholasHalmagyiFilip.WebApplication\NicholasHalmagyiFilip.WebApplication.csproj", "{FB49EF53-D2F4-4799-859F-9B9FD95B3B11}"
EndProject
Project("{9A19103F-16F7-4668-BE54-9A1E7A4F7556}") = "NicholasHalmagyiFilipCore", "NicholasHalmagyiFilip1\NicholasHalmagyiFilipCore.csproj", "{E509C82A-A408-4A1C-A0BA-602D5F8041D9}"
EndProject
Project("{9A19103F-16F7-4668-BE54-9A1E7A4F7556}") = "NicholasHalmagyiFilip.DataModelCore", "NicholasHalmagyiFilip.DataModel1\NicholasHalmagyiFilip.DataModelCore.csproj", "{9179A936-8C4B-460C-ACDE-DF5BBD4591C2}"
EndProject
Project("{9A19103F-16F7-4668-BE54-9A1E7A4F7556}") = "NicholasHalmagyiFilip.DomainCore", "NicholasHalmagyiFilip.Domain1\NicholasHalmagyiFilip.DomainCore.csproj", "{00863374-22F5-4E24-A917-49E0316A80B8}"
EndProject
Global
	GlobalSection(SolutionConfigurationPlatforms) = preSolution
		Debug|Any CPU = Debug|Any CPU
		Release|Any CPU = Release|Any CPU
	EndGlobalSection
	GlobalSection(ProjectConfigurationPlatforms) = postSolution
		{FB49EF53-D2F4-4799-859F-9B9FD95B3B11}.Debug|Any CPU.ActiveCfg = Debug|Any CPU
		{FB49EF53-D2F4-4799-859F-9B9FD95B3B11}.Debug|Any CPU.Build.0 = Debug|Any CPU
		{FB49EF53-D2F4-4799-859F-9B9FD95B3B11}.Release|Any CPU.ActiveCfg = Release|Any CPU
		{FB49EF53-D2F4-4799-859F-9B9FD95B3B11}.Release|Any CPU.Build.0 = Release|Any CPU
		{E509C82A-A408-4A1C-A0BA-602D5F8041D9}.Debug|Any CPU.ActiveCfg = Debug|Any CPU
		{E509C82A-A408-4A1C-A0BA-602D5F8041D9}.Debug|Any CPU.Build.0 = Debug|Any CPU
		{E509C82A-A408-4A1C-A0BA-602D5F8041D9}.Release|Any CPU.ActiveCfg = Release|Any CPU
		{E509C82A-A408-4A1C-A0BA-602D5F8041D9}.Release|Any CPU.Build.0 = Release|Any CPU
		{9179A936-8C4B-460C-ACDE-DF5BBD4591C2}.Debug|Any CPU.ActiveCfg = Debug|Any CPU
		{9179A936-8C4B-460C-ACDE-DF5BBD4591C2}.Debug|Any CPU.Build.0 = Debug|Any CPU
		{9179A936-8C4B-460C-ACDE-DF5BBD4591C2}.Release|Any CPU.ActiveCfg = Release|Any CPU
		{9179A936-8C4B-460C-ACDE-DF5BBD4591C2}.Release|Any CPU.Build.0 = Release|Any CPU
		{00863374-22F5-4E24-A917-49E0316A80B8}.Debug|Any CPU.ActiveCfg = Debug|Any CPU
		{00863374-22F5-4E24-A917-49E0316A80B8}.Debug|Any CPU.Build.0 = Debug|Any CPU
		{00863374-22F5-4E24-A917-49E0316A80B8}.Release|Any CPU.ActiveCfg = Release|Any CPU
		{00863374-22F5-4E24-A917-49E0316A80B8}.Release|Any CPU.Build.0 = Release|Any CPU
	EndGlobalSection
	GlobalSection(SolutionProperties) = preSolution
		HideSolutionNode = FALSE
	EndGlobalSection
	GlobalSection(ExtensibilityGlobals) = postSolution
		SolutionGuid = {54D6E065-958C-4F76-A181-EC502CBD992C}
	EndGlobalSection
EndGlobal
